
Microsoft Visual Studio Solution File, Format Version 12.00
# Visual Studio Version 17
VisualStudioVersion = 17.11.35219.272
MinimumVisualStudioVersion = 10.0.40219.1
Project("{FAE04EC0-301F-11D3-BF4B-00C04F79EFBC}") = "ReflectionProject", "ReflectionProject\ReflectionProject.csproj", "{4F69B71D-D0BB-4427-85B8-0881646A0AE7}"
EndProject
Global
	GlobalSection(SolutionConfigurationPlatforms) = preSolution
		Debug|Any CPU = Debug|Any CPU
		Release|Any CPU = Release|Any CPU
	EndGlobalSection
	GlobalSection(ProjectConfigurationPlatforms) = postSolution
		{4F69B71D-D0BB-4427-85B8-0881646A0AE7}.Debug|Any CPU.ActiveCfg = Debug|Any CPU
		{4F69B71D-D0BB-4427-85B8-0881646A0AE7}.Debug|Any CPU.Build.0 = Debug|Any CPU
		{4F69B71D-D0BB-4427-85B8-0881646A0AE7}.Release|Any CPU.ActiveCfg = Release|Any CPU
		{4F69B71D-D0BB-4427-85B8-0881646A0AE7}.Release|Any CPU.Build.0 = Release|Any CPU
	EndGlobalSection
	GlobalSection(SolutionProperties) = preSolution
		HideSolutionNode = FALSE
	EndGlobalSection
	GlobalSection(ExtensibilityGlobals) = postSolution
		SolutionGuid = {D802D292-B8AB-4E89-B5F1-F79D8E7AA7ED}
	EndGlobalSection
EndGlobal
